// !$*UTF8*$!
{
	archiveVersion = 1;
	classes = {
	};
	objectVersion = 56;
	objects = {

/* Begin PBXBuildFile section */
		72147ED02994729E002027A7 /* NetworkClient.swift in Sources */ = {isa = PBXBuildFile; fileRef = 72147ECF2994729E002027A7 /* NetworkClient.swift */; };
		722A8F1E29ABF9090022B40B /* RestaurantLoaderProtocol.swift in Sources */ = {isa = PBXBuildFile; fileRef = 722A8F1D29ABF9090022B40B /* RestaurantLoaderProtocol.swift */; };
		722A8F2029ABFD1F0022B40B /* LocalRestaurantLoaderForLoadCommandTests.swift in Sources */ = {isa = PBXBuildFile; fileRef = 722A8F1F29ABFD1F0022B40B /* LocalRestaurantLoaderForLoadCommandTests.swift */; };
		722A8F2229ABFE6C0022B40B /* CacheClientSpy.swift in Sources */ = {isa = PBXBuildFile; fileRef = 722A8F2129ABFE6C0022B40B /* CacheClientSpy.swift */; };
		722CFC2429C003D000C53303 /* UIRefreshControl+Extension.swift in Sources */ = {isa = PBXBuildFile; fileRef = 722CFC2329C003D000C53303 /* UIRefreshControl+Extension.swift */; };
		722CFC2729C65CE300C53303 /* RestaurantItemCell.swift in Sources */ = {isa = PBXBuildFile; fileRef = 722CFC2629C65CE300C53303 /* RestaurantItemCell.swift */; };
		723559A2299967F90099B84C /* RestaurantItem.swift in Sources */ = {isa = PBXBuildFile; fileRef = 723559A1299967F90099B84C /* RestaurantItem.swift */; };
		723559A5299968300099B84C /* NetworkClientSpy.swift in Sources */ = {isa = PBXBuildFile; fileRef = 723559A4299968300099B84C /* NetworkClientSpy.swift */; };
		723559A7299970CC0099B84C /* NetworkServiceTests.swift in Sources */ = {isa = PBXBuildFile; fileRef = 723559A6299970CC0099B84C /* NetworkServiceTests.swift */; };
		723559A9299985250099B84C /* URLSessionSpy.swift in Sources */ = {isa = PBXBuildFile; fileRef = 723559A8299985250099B84C /* URLSessionSpy.swift */; };
		723559AB299985580099B84C /* XCTestCase+Extension.swift in Sources */ = {isa = PBXBuildFile; fileRef = 723559AA299985580099B84C /* XCTestCase+Extension.swift */; };
		723559B12999A6610099B84C /* LocalRestaurantLoader.swift in Sources */ = {isa = PBXBuildFile; fileRef = 723559B02999A6610099B84C /* LocalRestaurantLoader.swift */; };
		723559B42999A6840099B84C /* LocalRestaurantLoaderForSaveCommandTests.swift in Sources */ = {isa = PBXBuildFile; fileRef = 723559B32999A6840099B84C /* LocalRestaurantLoaderForSaveCommandTests.swift */; };
		72585D1229C664F000BE0BD7 /* RestaurantItemCellController.swift in Sources */ = {isa = PBXBuildFile; fileRef = 72585D1129C664F000BE0BD7 /* RestaurantItemCellController.swift */; };
		72585D1629C6672000BE0BD7 /* RestaurantListComponse.swift in Sources */ = {isa = PBXBuildFile; fileRef = 72585D1529C6672000BE0BD7 /* RestaurantListComponse.swift */; };
		72585D1C29C788DE00BE0BD7 /* RestaurantListInteractor.swift in Sources */ = {isa = PBXBuildFile; fileRef = 72585D1B29C788DE00BE0BD7 /* RestaurantListInteractor.swift */; };
		72585D1F29C790AD00BE0BD7 /* RestaurantListPresenter.swift in Sources */ = {isa = PBXBuildFile; fileRef = 72585D1E29C790AD00BE0BD7 /* RestaurantListPresenter.swift */; };
		7299330429917C8B0009DE99 /* RestaurantDomain.framework in Frameworks */ = {isa = PBXBuildFile; fileRef = 729932FB29917C8B0009DE99 /* RestaurantDomain.framework */; };
		7299330929917C8B0009DE99 /* RemoteRestaurantLoaderTests.swift in Sources */ = {isa = PBXBuildFile; fileRef = 7299330829917C8B0009DE99 /* RemoteRestaurantLoaderTests.swift */; };
		7299330A29917C8B0009DE99 /* RestaurantDomain.h in Headers */ = {isa = PBXBuildFile; fileRef = 729932FE29917C8B0009DE99 /* RestaurantDomain.h */; settings = {ATTRIBUTES = (Public, ); }; };
		7299331429917FE20009DE99 /* RemoteRestaurantLoader.swift in Sources */ = {isa = PBXBuildFile; fileRef = 7299331329917FE20009DE99 /* RemoteRestaurantLoader.swift */; };
		72B3F36B29BFF4D000E3F565 /* RestaurantUI.framework in Frameworks */ = {isa = PBXBuildFile; fileRef = 72B3F36329BFF4D000E3F565 /* RestaurantUI.framework */; };
		72B3F37029BFF4D000E3F565 /* RestaurantListViewControllerTests.swift in Sources */ = {isa = PBXBuildFile; fileRef = 72B3F36F29BFF4D000E3F565 /* RestaurantListViewControllerTests.swift */; };
		72B3F37129BFF4D000E3F565 /* RestaurantUI.h in Headers */ = {isa = PBXBuildFile; fileRef = 72B3F36529BFF4D000E3F565 /* RestaurantUI.h */; settings = {ATTRIBUTES = (Public, ); }; };
		72B3F38329BFF9D000E3F565 /* RestaurantDomain.framework in Frameworks */ = {isa = PBXBuildFile; fileRef = 729932FB29917C8B0009DE99 /* RestaurantDomain.framework */; };
		72B3F38429BFF9D000E3F565 /* RestaurantDomain.framework in Embed Frameworks */ = {isa = PBXBuildFile; fileRef = 729932FB29917C8B0009DE99 /* RestaurantDomain.framework */; settings = {ATTRIBUTES = (CodeSignOnCopy, RemoveHeadersOnCopy, ); }; };
		72B3F38929BFFACE00E3F565 /* RestaurantListViewController.swift in Sources */ = {isa = PBXBuildFile; fileRef = 72B3F38829BFFACE00E3F565 /* RestaurantListViewController.swift */; };
		72B3F38A29BFFEB600E3F565 /* XCTestCase+Extension.swift in Sources */ = {isa = PBXBuildFile; fileRef = 723559AA299985580099B84C /* XCTestCase+Extension.swift */; };
		72B3F38B29C0008200E3F565 /* RestaurantItem+Extension.swift in Sources */ = {isa = PBXBuildFile; fileRef = 72BA9A8929B4F136004F8E63 /* RestaurantItem+Extension.swift */; };
		72BA9A8529B4E793004F8E63 /* Date+Extension.swift in Sources */ = {isa = PBXBuildFile; fileRef = 72BA9A8429B4E793004F8E63 /* Date+Extension.swift */; };
		72BA9A8729B4F05C004F8E63 /* LocalRestaurantLoaderForValidateCommandTests.swift in Sources */ = {isa = PBXBuildFile; fileRef = 72BA9A8629B4F05C004F8E63 /* LocalRestaurantLoaderForValidateCommandTests.swift */; };
		72BA9A8A29B4F136004F8E63 /* RestaurantItem+Extension.swift in Sources */ = {isa = PBXBuildFile; fileRef = 72BA9A8929B4F136004F8E63 /* RestaurantItem+Extension.swift */; };
		72BA9A8C29B4F77E004F8E63 /* CachePolicyProtocol.swift in Sources */ = {isa = PBXBuildFile; fileRef = 72BA9A8B29B4F77E004F8E63 /* CachePolicyProtocol.swift */; };
		72BA9A8E29B4F798004F8E63 /* RestaurantLoaderCachePolicy.swift in Sources */ = {isa = PBXBuildFile; fileRef = 72BA9A8D29B4F798004F8E63 /* RestaurantLoaderCachePolicy.swift */; };
		72BA9A9129B4F846004F8E63 /* CacheClientProtocol.swift in Sources */ = {isa = PBXBuildFile; fileRef = 72BA9A9029B4F846004F8E63 /* CacheClientProtocol.swift */; };
		72BA9A9629B53AFD004F8E63 /* CacheService.swift in Sources */ = {isa = PBXBuildFile; fileRef = 72BA9A9529B53AFD004F8E63 /* CacheService.swift */; };
		72BA9A9929BE4276004F8E63 /* CacheServiceTests.swift in Sources */ = {isa = PBXBuildFile; fileRef = 72BA9A9829BE4276004F8E63 /* CacheServiceTests.swift */; };
/* End PBXBuildFile section */

/* Begin PBXContainerItemProxy section */
		7299330529917C8B0009DE99 /* PBXContainerItemProxy */ = {
			isa = PBXContainerItemProxy;
			containerPortal = 729932F229917C8B0009DE99 /* Project object */;
			proxyType = 1;
			remoteGlobalIDString = 729932FA29917C8B0009DE99;
			remoteInfo = RestaurantDomain;
		};
		72B3F36C29BFF4D000E3F565 /* PBXContainerItemProxy */ = {
			isa = PBXContainerItemProxy;
			containerPortal = 729932F229917C8B0009DE99 /* Project object */;
			proxyType = 1;
			remoteGlobalIDString = 72B3F36229BFF4D000E3F565;
			remoteInfo = RestaurantUI;
		};
		72B3F38529BFF9D000E3F565 /* PBXContainerItemProxy */ = {
			isa = PBXContainerItemProxy;
			containerPortal = 729932F229917C8B0009DE99 /* Project object */;
			proxyType = 1;
			remoteGlobalIDString = 729932FA29917C8B0009DE99;
			remoteInfo = RestaurantDomain;
		};
/* End PBXContainerItemProxy section */

/* Begin PBXCopyFilesBuildPhase section */
		72B3F38729BFF9D000E3F565 /* Embed Frameworks */ = {
			isa = PBXCopyFilesBuildPhase;
			buildActionMask = 2147483647;
			dstPath = "";
			dstSubfolderSpec = 10;
			files = (
				72B3F38429BFF9D000E3F565 /* RestaurantDomain.framework in Embed Frameworks */,
			);
			name = "Embed Frameworks";
			runOnlyForDeploymentPostprocessing = 0;
		};
/* End PBXCopyFilesBuildPhase section */

/* Begin PBXFileReference section */
		72147ECF2994729E002027A7 /* NetworkClient.swift */ = {isa = PBXFileReference; lastKnownFileType = sourcecode.swift; path = NetworkClient.swift; sourceTree = "<group>"; };
		722A8F1D29ABF9090022B40B /* RestaurantLoaderProtocol.swift */ = {isa = PBXFileReference; lastKnownFileType = sourcecode.swift; path = RestaurantLoaderProtocol.swift; sourceTree = "<group>"; };
		722A8F1F29ABFD1F0022B40B /* LocalRestaurantLoaderForLoadCommandTests.swift */ = {isa = PBXFileReference; lastKnownFileType = sourcecode.swift; path = LocalRestaurantLoaderForLoadCommandTests.swift; sourceTree = "<group>"; };
		722A8F2129ABFE6C0022B40B /* CacheClientSpy.swift */ = {isa = PBXFileReference; lastKnownFileType = sourcecode.swift; path = CacheClientSpy.swift; sourceTree = "<group>"; };
		722CFC2329C003D000C53303 /* UIRefreshControl+Extension.swift */ = {isa = PBXFileReference; lastKnownFileType = sourcecode.swift; path = "UIRefreshControl+Extension.swift"; sourceTree = "<group>"; };
		722CFC2629C65CE300C53303 /* RestaurantItemCell.swift */ = {isa = PBXFileReference; lastKnownFileType = sourcecode.swift; path = RestaurantItemCell.swift; sourceTree = "<group>"; };
		723559A1299967F90099B84C /* RestaurantItem.swift */ = {isa = PBXFileReference; lastKnownFileType = sourcecode.swift; path = RestaurantItem.swift; sourceTree = "<group>"; };
		723559A4299968300099B84C /* NetworkClientSpy.swift */ = {isa = PBXFileReference; lastKnownFileType = sourcecode.swift; path = NetworkClientSpy.swift; sourceTree = "<group>"; };
		723559A6299970CC0099B84C /* NetworkServiceTests.swift */ = {isa = PBXFileReference; lastKnownFileType = sourcecode.swift; path = NetworkServiceTests.swift; sourceTree = "<group>"; };
		723559A8299985250099B84C /* URLSessionSpy.swift */ = {isa = PBXFileReference; lastKnownFileType = sourcecode.swift; path = URLSessionSpy.swift; sourceTree = "<group>"; };
		723559AA299985580099B84C /* XCTestCase+Extension.swift */ = {isa = PBXFileReference; lastKnownFileType = sourcecode.swift; path = "XCTestCase+Extension.swift"; sourceTree = "<group>"; };
		723559B02999A6610099B84C /* LocalRestaurantLoader.swift */ = {isa = PBXFileReference; lastKnownFileType = sourcecode.swift; path = LocalRestaurantLoader.swift; sourceTree = "<group>"; };
		723559B32999A6840099B84C /* LocalRestaurantLoaderForSaveCommandTests.swift */ = {isa = PBXFileReference; lastKnownFileType = sourcecode.swift; path = LocalRestaurantLoaderForSaveCommandTests.swift; sourceTree = "<group>"; };
		72585D1129C664F000BE0BD7 /* RestaurantItemCellController.swift */ = {isa = PBXFileReference; lastKnownFileType = sourcecode.swift; path = RestaurantItemCellController.swift; sourceTree = "<group>"; };
		72585D1529C6672000BE0BD7 /* RestaurantListComponse.swift */ = {isa = PBXFileReference; lastKnownFileType = sourcecode.swift; path = RestaurantListComponse.swift; sourceTree = "<group>"; };
		72585D1B29C788DE00BE0BD7 /* RestaurantListInteractor.swift */ = {isa = PBXFileReference; lastKnownFileType = sourcecode.swift; path = RestaurantListInteractor.swift; sourceTree = "<group>"; };
		72585D1E29C790AD00BE0BD7 /* RestaurantListPresenter.swift */ = {isa = PBXFileReference; lastKnownFileType = sourcecode.swift; path = RestaurantListPresenter.swift; sourceTree = "<group>"; };
		729932FB29917C8B0009DE99 /* RestaurantDomain.framework */ = {isa = PBXFileReference; explicitFileType = wrapper.framework; includeInIndex = 0; path = RestaurantDomain.framework; sourceTree = BUILT_PRODUCTS_DIR; };
		729932FE29917C8B0009DE99 /* RestaurantDomain.h */ = {isa = PBXFileReference; lastKnownFileType = sourcecode.c.h; path = RestaurantDomain.h; sourceTree = "<group>"; };
		7299330329917C8B0009DE99 /* RestaurantDomainTests.xctest */ = {isa = PBXFileReference; explicitFileType = wrapper.cfbundle; includeInIndex = 0; path = RestaurantDomainTests.xctest; sourceTree = BUILT_PRODUCTS_DIR; };
		7299330829917C8B0009DE99 /* RemoteRestaurantLoaderTests.swift */ = {isa = PBXFileReference; lastKnownFileType = sourcecode.swift; path = RemoteRestaurantLoaderTests.swift; sourceTree = "<group>"; };
		7299331329917FE20009DE99 /* RemoteRestaurantLoader.swift */ = {isa = PBXFileReference; lastKnownFileType = sourcecode.swift; path = RemoteRestaurantLoader.swift; sourceTree = "<group>"; };
		72B3F36329BFF4D000E3F565 /* RestaurantUI.framework */ = {isa = PBXFileReference; explicitFileType = wrapper.framework; includeInIndex = 0; path = RestaurantUI.framework; sourceTree = BUILT_PRODUCTS_DIR; };
		72B3F36529BFF4D000E3F565 /* RestaurantUI.h */ = {isa = PBXFileReference; lastKnownFileType = sourcecode.c.h; path = RestaurantUI.h; sourceTree = "<group>"; };
		72B3F36A29BFF4D000E3F565 /* RestaurantUITests.xctest */ = {isa = PBXFileReference; explicitFileType = wrapper.cfbundle; includeInIndex = 0; path = RestaurantUITests.xctest; sourceTree = BUILT_PRODUCTS_DIR; };
		72B3F36F29BFF4D000E3F565 /* RestaurantListViewControllerTests.swift */ = {isa = PBXFileReference; lastKnownFileType = sourcecode.swift; path = RestaurantListViewControllerTests.swift; sourceTree = "<group>"; };
		72B3F38829BFFACE00E3F565 /* RestaurantListViewController.swift */ = {isa = PBXFileReference; lastKnownFileType = sourcecode.swift; path = RestaurantListViewController.swift; sourceTree = "<group>"; };
		72BA9A8429B4E793004F8E63 /* Date+Extension.swift */ = {isa = PBXFileReference; lastKnownFileType = sourcecode.swift; path = "Date+Extension.swift"; sourceTree = "<group>"; };
		72BA9A8629B4F05C004F8E63 /* LocalRestaurantLoaderForValidateCommandTests.swift */ = {isa = PBXFileReference; lastKnownFileType = sourcecode.swift; path = LocalRestaurantLoaderForValidateCommandTests.swift; sourceTree = "<group>"; };
		72BA9A8929B4F136004F8E63 /* RestaurantItem+Extension.swift */ = {isa = PBXFileReference; lastKnownFileType = sourcecode.swift; path = "RestaurantItem+Extension.swift"; sourceTree = "<group>"; };
		72BA9A8B29B4F77E004F8E63 /* CachePolicyProtocol.swift */ = {isa = PBXFileReference; lastKnownFileType = sourcecode.swift; path = CachePolicyProtocol.swift; sourceTree = "<group>"; };
		72BA9A8D29B4F798004F8E63 /* RestaurantLoaderCachePolicy.swift */ = {isa = PBXFileReference; lastKnownFileType = sourcecode.swift; path = RestaurantLoaderCachePolicy.swift; sourceTree = "<group>"; };
		72BA9A9029B4F846004F8E63 /* CacheClientProtocol.swift */ = {isa = PBXFileReference; lastKnownFileType = sourcecode.swift; path = CacheClientProtocol.swift; sourceTree = "<group>"; };
		72BA9A9529B53AFD004F8E63 /* CacheService.swift */ = {isa = PBXFileReference; lastKnownFileType = sourcecode.swift; path = CacheService.swift; sourceTree = "<group>"; };
		72BA9A9829BE4276004F8E63 /* CacheServiceTests.swift */ = {isa = PBXFileReference; lastKnownFileType = sourcecode.swift; path = CacheServiceTests.swift; sourceTree = "<group>"; };
/* End PBXFileReference section */

/* Begin PBXFrameworksBuildPhase section */
		729932F829917C8B0009DE99 /* Frameworks */ = {
			isa = PBXFrameworksBuildPhase;
			buildActionMask = 2147483647;
			files = (
			);
			runOnlyForDeploymentPostprocessing = 0;
		};
		7299330029917C8B0009DE99 /* Frameworks */ = {
			isa = PBXFrameworksBuildPhase;
			buildActionMask = 2147483647;
			files = (
				7299330429917C8B0009DE99 /* RestaurantDomain.framework in Frameworks */,
			);
			runOnlyForDeploymentPostprocessing = 0;
		};
		72B3F36029BFF4D000E3F565 /* Frameworks */ = {
			isa = PBXFrameworksBuildPhase;
			buildActionMask = 2147483647;
			files = (
				72B3F38329BFF9D000E3F565 /* RestaurantDomain.framework in Frameworks */,
			);
			runOnlyForDeploymentPostprocessing = 0;
		};
		72B3F36729BFF4D000E3F565 /* Frameworks */ = {
			isa = PBXFrameworksBuildPhase;
			buildActionMask = 2147483647;
			files = (
				72B3F36B29BFF4D000E3F565 /* RestaurantUI.framework in Frameworks */,
			);
			runOnlyForDeploymentPostprocessing = 0;
		};
/* End PBXFrameworksBuildPhase section */

/* Begin PBXGroup section */
		72147ECB299470D8002027A7 /* RemoteLoader */ = {
			isa = PBXGroup;
			children = (
				723559A32999681F0099B84C /* NetworkClient */,
				7299330829917C8B0009DE99 /* RemoteRestaurantLoaderTests.swift */,
			);
			path = RemoteLoader;
			sourceTree = "<group>";
		};
		722CFC2229C003C200C53303 /* Extensions */ = {
			isa = PBXGroup;
			children = (
				722CFC2329C003D000C53303 /* UIRefreshControl+Extension.swift */,
			);
			path = Extensions;
			sourceTree = "<group>";
		};
		722CFC2529C65CD000C53303 /* Components */ = {
			isa = PBXGroup;
			children = (
				722CFC2629C65CE300C53303 /* RestaurantItemCell.swift */,
			);
			path = Components;
			sourceTree = "<group>";
		};
		723559A32999681F0099B84C /* NetworkClient */ = {
			isa = PBXGroup;
			children = (
				723559A4299968300099B84C /* NetworkClientSpy.swift */,
				723559A6299970CC0099B84C /* NetworkServiceTests.swift */,
				723559A8299985250099B84C /* URLSessionSpy.swift */,
			);
			path = NetworkClient;
			sourceTree = "<group>";
		};
		723559B22999A66C0099B84C /* LocalLoader */ = {
			isa = PBXGroup;
			children = (
				722A8F2129ABFE6C0022B40B /* CacheClientSpy.swift */,
				722A8F1F29ABFD1F0022B40B /* LocalRestaurantLoaderForLoadCommandTests.swift */,
				723559B32999A6840099B84C /* LocalRestaurantLoaderForSaveCommandTests.swift */,
				72BA9A8629B4F05C004F8E63 /* LocalRestaurantLoaderForValidateCommandTests.swift */,
				72BA9A9829BE4276004F8E63 /* CacheServiceTests.swift */,
			);
			path = LocalLoader;
			sourceTree = "<group>";
		};
		72585D1329C6658900BE0BD7 /* Controllers */ = {
			isa = PBXGroup;
			children = (
				72585D1129C664F000BE0BD7 /* RestaurantItemCellController.swift */,
			);
			path = Controllers;
			sourceTree = "<group>";
		};
		72585D1429C6658D00BE0BD7 /* ViewControllers */ = {
			isa = PBXGroup;
			children = (
				72B3F38829BFFACE00E3F565 /* RestaurantListViewController.swift */,
			);
			path = ViewControllers;
			sourceTree = "<group>";
		};
		72585D1A29C788C300BE0BD7 /* Interectors */ = {
			isa = PBXGroup;
			children = (
				72585D1B29C788DE00BE0BD7 /* RestaurantListInteractor.swift */,
			);
			path = Interectors;
			sourceTree = "<group>";
		};
		72585D1D29C7909500BE0BD7 /* Presenters */ = {
			isa = PBXGroup;
			children = (
				72585D1E29C790AD00BE0BD7 /* RestaurantListPresenter.swift */,
			);
			path = Presenters;
			sourceTree = "<group>";
		};
		729932F129917C8B0009DE99 = {
			isa = PBXGroup;
			children = (
				729932FD29917C8B0009DE99 /* RestaurantDomain */,
				7299330729917C8B0009DE99 /* RestaurantDomainTests */,
				72B3F36429BFF4D000E3F565 /* RestaurantUI */,
				72B3F36E29BFF4D000E3F565 /* RestaurantUITests */,
				729932FC29917C8B0009DE99 /* Products */,
				72B3F37829BFF50F00E3F565 /* Frameworks */,
			);
			sourceTree = "<group>";
		};
		729932FC29917C8B0009DE99 /* Products */ = {
			isa = PBXGroup;
			children = (
				729932FB29917C8B0009DE99 /* RestaurantDomain.framework */,
				7299330329917C8B0009DE99 /* RestaurantDomainTests.xctest */,
				72B3F36329BFF4D000E3F565 /* RestaurantUI.framework */,
				72B3F36A29BFF4D000E3F565 /* RestaurantUITests.xctest */,
			);
			name = Products;
			sourceTree = "<group>";
		};
		729932FD29917C8B0009DE99 /* RestaurantDomain */ = {
			isa = PBXGroup;
			children = (
				72BA9A9A29BE42F0004F8E63 /* Services */,
				72BA9A9429B53A85004F8E63 /* Clients */,
				72BA9A9729B53B71004F8E63 /* Loaders */,
				72BA9A9229B52DC0004F8E63 /* Models */,
				72BA9A8F29B4F7F4004F8E63 /* Policies */,
				72BA9A9329B52E5F004F8E63 /* Protocols */,
				729932FE29917C8B0009DE99 /* RestaurantDomain.h */,
			);
			path = RestaurantDomain;
			sourceTree = "<group>";
		};
		7299330729917C8B0009DE99 /* RestaurantDomainTests */ = {
			isa = PBXGroup;
			children = (
				72BA9A8829B4F116004F8E63 /* Extensions */,
				723559B22999A66C0099B84C /* LocalLoader */,
				72147ECB299470D8002027A7 /* RemoteLoader */,
			);
			path = RestaurantDomainTests;
			sourceTree = "<group>";
		};
		72B3F36429BFF4D000E3F565 /* RestaurantUI */ = {
			isa = PBXGroup;
			children = (
				72585D1D29C7909500BE0BD7 /* Presenters */,
				72585D1A29C788C300BE0BD7 /* Interectors */,
				72585D1429C6658D00BE0BD7 /* ViewControllers */,
				72585D1329C6658900BE0BD7 /* Controllers */,
				722CFC2529C65CD000C53303 /* Components */,
				72B3F36529BFF4D000E3F565 /* RestaurantUI.h */,
				72585D1529C6672000BE0BD7 /* RestaurantListComponse.swift */,
			);
			path = RestaurantUI;
			sourceTree = "<group>";
		};
		72B3F36E29BFF4D000E3F565 /* RestaurantUITests */ = {
			isa = PBXGroup;
			children = (
				722CFC2229C003C200C53303 /* Extensions */,
				72B3F36F29BFF4D000E3F565 /* RestaurantListViewControllerTests.swift */,
			);
			path = RestaurantUITests;
			sourceTree = "<group>";
		};
		72B3F37829BFF50F00E3F565 /* Frameworks */ = {
			isa = PBXGroup;
			children = (
			);
			name = Frameworks;
			sourceTree = "<group>";
		};
		72BA9A8829B4F116004F8E63 /* Extensions */ = {
			isa = PBXGroup;
			children = (
				72BA9A8429B4E793004F8E63 /* Date+Extension.swift */,
				72BA9A8929B4F136004F8E63 /* RestaurantItem+Extension.swift */,
				723559AA299985580099B84C /* XCTestCase+Extension.swift */,
			);
			path = Extensions;
			sourceTree = "<group>";
		};
		72BA9A8F29B4F7F4004F8E63 /* Policies */ = {
			isa = PBXGroup;
			children = (
				72BA9A8D29B4F798004F8E63 /* RestaurantLoaderCachePolicy.swift */,
			);
			path = Policies;
			sourceTree = "<group>";
		};
		72BA9A9229B52DC0004F8E63 /* Models */ = {
			isa = PBXGroup;
			children = (
				723559A1299967F90099B84C /* RestaurantItem.swift */,
			);
			path = Models;
			sourceTree = "<group>";
		};
		72BA9A9329B52E5F004F8E63 /* Protocols */ = {
			isa = PBXGroup;
			children = (
				72BA9A9029B4F846004F8E63 /* CacheClientProtocol.swift */,
				72BA9A8B29B4F77E004F8E63 /* CachePolicyProtocol.swift */,
				722A8F1D29ABF9090022B40B /* RestaurantLoaderProtocol.swift */,
			);
			path = Protocols;
			sourceTree = "<group>";
		};
		72BA9A9429B53A85004F8E63 /* Clients */ = {
			isa = PBXGroup;
			children = (
				72147ECF2994729E002027A7 /* NetworkClient.swift */,
			);
			path = Clients;
			sourceTree = "<group>";
		};
		72BA9A9729B53B71004F8E63 /* Loaders */ = {
			isa = PBXGroup;
			children = (
				723559B02999A6610099B84C /* LocalRestaurantLoader.swift */,
				7299331329917FE20009DE99 /* RemoteRestaurantLoader.swift */,
			);
			path = Loaders;
			sourceTree = "<group>";
		};
		72BA9A9A29BE42F0004F8E63 /* Services */ = {
			isa = PBXGroup;
			children = (
				72BA9A9529B53AFD004F8E63 /* CacheService.swift */,
			);
			path = Services;
			sourceTree = "<group>";
		};
/* End PBXGroup section */

/* Begin PBXHeadersBuildPhase section */
		729932F629917C8B0009DE99 /* Headers */ = {
			isa = PBXHeadersBuildPhase;
			buildActionMask = 2147483647;
			files = (
				7299330A29917C8B0009DE99 /* RestaurantDomain.h in Headers */,
			);
			runOnlyForDeploymentPostprocessing = 0;
		};
		72B3F35E29BFF4D000E3F565 /* Headers */ = {
			isa = PBXHeadersBuildPhase;
			buildActionMask = 2147483647;
			files = (
				72B3F37129BFF4D000E3F565 /* RestaurantUI.h in Headers */,
			);
			runOnlyForDeploymentPostprocessing = 0;
		};
/* End PBXHeadersBuildPhase section */

/* Begin PBXNativeTarget section */
		729932FA29917C8B0009DE99 /* RestaurantDomain */ = {
			isa = PBXNativeTarget;
			buildConfigurationList = 7299330D29917C8B0009DE99 /* Build configuration list for PBXNativeTarget "RestaurantDomain" */;
			buildPhases = (
				729932F629917C8B0009DE99 /* Headers */,
				729932F729917C8B0009DE99 /* Sources */,
				729932F829917C8B0009DE99 /* Frameworks */,
				729932F929917C8B0009DE99 /* Resources */,
			);
			buildRules = (
			);
			dependencies = (
			);
			name = RestaurantDomain;
			productName = RestaurantDomain;
			productReference = 729932FB29917C8B0009DE99 /* RestaurantDomain.framework */;
			productType = "com.apple.product-type.framework";
		};
		7299330229917C8B0009DE99 /* RestaurantDomainTests */ = {
			isa = PBXNativeTarget;
			buildConfigurationList = 7299331029917C8B0009DE99 /* Build configuration list for PBXNativeTarget "RestaurantDomainTests" */;
			buildPhases = (
				729932FF29917C8B0009DE99 /* Sources */,
				7299330029917C8B0009DE99 /* Frameworks */,
				7299330129917C8B0009DE99 /* Resources */,
			);
			buildRules = (
			);
			dependencies = (
				7299330629917C8B0009DE99 /* PBXTargetDependency */,
			);
			name = RestaurantDomainTests;
			productName = RestaurantDomainTests;
			productReference = 7299330329917C8B0009DE99 /* RestaurantDomainTests.xctest */;
			productType = "com.apple.product-type.bundle.unit-test";
		};
		72B3F36229BFF4D000E3F565 /* RestaurantUI */ = {
			isa = PBXNativeTarget;
			buildConfigurationList = 72B3F37629BFF4D000E3F565 /* Build configuration list for PBXNativeTarget "RestaurantUI" */;
			buildPhases = (
				72B3F35E29BFF4D000E3F565 /* Headers */,
				72B3F35F29BFF4D000E3F565 /* Sources */,
				72B3F36029BFF4D000E3F565 /* Frameworks */,
				72B3F36129BFF4D000E3F565 /* Resources */,
				72B3F38729BFF9D000E3F565 /* Embed Frameworks */,
			);
			buildRules = (
			);
			dependencies = (
				72B3F38629BFF9D000E3F565 /* PBXTargetDependency */,
			);
			name = RestaurantUI;
			productName = RestaurantUI;
			productReference = 72B3F36329BFF4D000E3F565 /* RestaurantUI.framework */;
			productType = "com.apple.product-type.framework";
		};
		72B3F36929BFF4D000E3F565 /* RestaurantUITests */ = {
			isa = PBXNativeTarget;
			buildConfigurationList = 72B3F37729BFF4D000E3F565 /* Build configuration list for PBXNativeTarget "RestaurantUITests" */;
			buildPhases = (
				72B3F36629BFF4D000E3F565 /* Sources */,
				72B3F36729BFF4D000E3F565 /* Frameworks */,
				72B3F36829BFF4D000E3F565 /* Resources */,
			);
			buildRules = (
			);
			dependencies = (
				72B3F36D29BFF4D000E3F565 /* PBXTargetDependency */,
			);
			name = RestaurantUITests;
			productName = RestaurantUITests;
			productReference = 72B3F36A29BFF4D000E3F565 /* RestaurantUITests.xctest */;
			productType = "com.apple.product-type.bundle.unit-test";
		};
/* End PBXNativeTarget section */

/* Begin PBXProject section */
		729932F229917C8B0009DE99 /* Project object */ = {
			isa = PBXProject;
			attributes = {
				BuildIndependentTargetsInParallel = 1;
				LastSwiftUpdateCheck = 1420;
				LastUpgradeCheck = 1420;
				TargetAttributes = {
					729932FA29917C8B0009DE99 = {
						CreatedOnToolsVersion = 14.2;
						LastSwiftMigration = 1420;
					};
					7299330229917C8B0009DE99 = {
						CreatedOnToolsVersion = 14.2;
					};
					72B3F36229BFF4D000E3F565 = {
						CreatedOnToolsVersion = 14.2;
						LastSwiftMigration = 1420;
					};
					72B3F36929BFF4D000E3F565 = {
						CreatedOnToolsVersion = 14.2;
					};
				};
			};
			buildConfigurationList = 729932F529917C8B0009DE99 /* Build configuration list for PBXProject "RestaurantDomain" */;
			compatibilityVersion = "Xcode 14.0";
			developmentRegion = en;
			hasScannedForEncodings = 0;
			knownRegions = (
				en,
				Base,
			);
			mainGroup = 729932F129917C8B0009DE99;
			productRefGroup = 729932FC29917C8B0009DE99 /* Products */;
			projectDirPath = "";
			projectRoot = "";
			targets = (
				729932FA29917C8B0009DE99 /* RestaurantDomain */,
				7299330229917C8B0009DE99 /* RestaurantDomainTests */,
				72B3F36229BFF4D000E3F565 /* RestaurantUI */,
				72B3F36929BFF4D000E3F565 /* RestaurantUITests */,
			);
		};
/* End PBXProject section */

/* Begin PBXResourcesBuildPhase section */
		729932F929917C8B0009DE99 /* Resources */ = {
			isa = PBXResourcesBuildPhase;
			buildActionMask = 2147483647;
			files = (
			);
			runOnlyForDeploymentPostprocessing = 0;
		};
		7299330129917C8B0009DE99 /* Resources */ = {
			isa = PBXResourcesBuildPhase;
			buildActionMask = 2147483647;
			files = (
			);
			runOnlyForDeploymentPostprocessing = 0;
		};
		72B3F36129BFF4D000E3F565 /* Resources */ = {
			isa = PBXResourcesBuildPhase;
			buildActionMask = 2147483647;
			files = (
			);
			runOnlyForDeploymentPostprocessing = 0;
		};
		72B3F36829BFF4D000E3F565 /* Resources */ = {
			isa = PBXResourcesBuildPhase;
			buildActionMask = 2147483647;
			files = (
			);
			runOnlyForDeploymentPostprocessing = 0;
		};
/* End PBXResourcesBuildPhase section */

/* Begin PBXSourcesBuildPhase section */
		729932F729917C8B0009DE99 /* Sources */ = {
			isa = PBXSourcesBuildPhase;
			buildActionMask = 2147483647;
			files = (
				722A8F1E29ABF9090022B40B /* RestaurantLoaderProtocol.swift in Sources */,
				7299331429917FE20009DE99 /* RemoteRestaurantLoader.swift in Sources */,
				72BA9A8E29B4F798004F8E63 /* RestaurantLoaderCachePolicy.swift in Sources */,
				72BA9A8C29B4F77E004F8E63 /* CachePolicyProtocol.swift in Sources */,
				723559B12999A6610099B84C /* LocalRestaurantLoader.swift in Sources */,
				723559A2299967F90099B84C /* RestaurantItem.swift in Sources */,
				72BA9A9629B53AFD004F8E63 /* CacheService.swift in Sources */,
				72147ED02994729E002027A7 /* NetworkClient.swift in Sources */,
				72BA9A9129B4F846004F8E63 /* CacheClientProtocol.swift in Sources */,
			);
			runOnlyForDeploymentPostprocessing = 0;
		};
		729932FF29917C8B0009DE99 /* Sources */ = {
			isa = PBXSourcesBuildPhase;
			buildActionMask = 2147483647;
			files = (
				723559AB299985580099B84C /* XCTestCase+Extension.swift in Sources */,
				72BA9A8529B4E793004F8E63 /* Date+Extension.swift in Sources */,
				72BA9A9929BE4276004F8E63 /* CacheServiceTests.swift in Sources */,
				723559A5299968300099B84C /* NetworkClientSpy.swift in Sources */,
				722A8F2029ABFD1F0022B40B /* LocalRestaurantLoaderForLoadCommandTests.swift in Sources */,
				723559B42999A6840099B84C /* LocalRestaurantLoaderForSaveCommandTests.swift in Sources */,
				723559A9299985250099B84C /* URLSessionSpy.swift in Sources */,
				723559A7299970CC0099B84C /* NetworkServiceTests.swift in Sources */,
				722A8F2229ABFE6C0022B40B /* CacheClientSpy.swift in Sources */,
				7299330929917C8B0009DE99 /* RemoteRestaurantLoaderTests.swift in Sources */,
				72BA9A8A29B4F136004F8E63 /* RestaurantItem+Extension.swift in Sources */,
				72BA9A8729B4F05C004F8E63 /* LocalRestaurantLoaderForValidateCommandTests.swift in Sources */,
			);
			runOnlyForDeploymentPostprocessing = 0;
		};
		72B3F35F29BFF4D000E3F565 /* Sources */ = {
			isa = PBXSourcesBuildPhase;
			buildActionMask = 2147483647;
			files = (
				72585D1229C664F000BE0BD7 /* RestaurantItemCellController.swift in Sources */,
				72585D1629C6672000BE0BD7 /* RestaurantListComponse.swift in Sources */,
				72B3F38929BFFACE00E3F565 /* RestaurantListViewController.swift in Sources */,
				72585D1F29C790AD00BE0BD7 /* RestaurantListPresenter.swift in Sources */,
				72585D1C29C788DE00BE0BD7 /* RestaurantListInteractor.swift in Sources */,
				722CFC2729C65CE300C53303 /* RestaurantItemCell.swift in Sources */,
			);
			runOnlyForDeploymentPostprocessing = 0;
		};
		72B3F36629BFF4D000E3F565 /* Sources */ = {
			isa = PBXSourcesBuildPhase;
			buildActionMask = 2147483647;
			files = (
				72B3F38A29BFFEB600E3F565 /* XCTestCase+Extension.swift in Sources */,
				72B3F37029BFF4D000E3F565 /* RestaurantListViewControllerTests.swift in Sources */,
				722CFC2429C003D000C53303 /* UIRefreshControl+Extension.swift in Sources */,
				72B3F38B29C0008200E3F565 /* RestaurantItem+Extension.swift in Sources */,
			);
			runOnlyForDeploymentPostprocessing = 0;
		};
/* End PBXSourcesBuildPhase section */

/* Begin PBXTargetDependency section */
		7299330629917C8B0009DE99 /* PBXTargetDependency */ = {
			isa = PBXTargetDependency;
			target = 729932FA29917C8B0009DE99 /* RestaurantDomain */;
			targetProxy = 7299330529917C8B0009DE99 /* PBXContainerItemProxy */;
		};
		72B3F36D29BFF4D000E3F565 /* PBXTargetDependency */ = {
			isa = PBXTargetDependency;
			target = 72B3F36229BFF4D000E3F565 /* RestaurantUI */;
			targetProxy = 72B3F36C29BFF4D000E3F565 /* PBXContainerItemProxy */;
		};
		72B3F38629BFF9D000E3F565 /* PBXTargetDependency */ = {
			isa = PBXTargetDependency;
			target = 729932FA29917C8B0009DE99 /* RestaurantDomain */;
			targetProxy = 72B3F38529BFF9D000E3F565 /* PBXContainerItemProxy */;
		};
/* End PBXTargetDependency section */

/* Begin XCBuildConfiguration section */
		7299330B29917C8B0009DE99 /* Debug */ = {
			isa = XCBuildConfiguration;
			buildSettings = {
				ALWAYS_SEARCH_USER_PATHS = NO;
				CLANG_ANALYZER_NONNULL = YES;
				CLANG_ANALYZER_NUMBER_OBJECT_CONVERSION = YES_AGGRESSIVE;
				CLANG_CXX_LANGUAGE_STANDARD = "gnu++20";
				CLANG_ENABLE_MODULES = YES;
				CLANG_ENABLE_OBJC_ARC = YES;
				CLANG_ENABLE_OBJC_WEAK = YES;
				CLANG_WARN_BLOCK_CAPTURE_AUTORELEASING = YES;
				CLANG_WARN_BOOL_CONVERSION = YES;
				CLANG_WARN_COMMA = YES;
				CLANG_WARN_CONSTANT_CONVERSION = YES;
				CLANG_WARN_DEPRECATED_OBJC_IMPLEMENTATIONS = YES;
				CLANG_WARN_DIRECT_OBJC_ISA_USAGE = YES_ERROR;
				CLANG_WARN_DOCUMENTATION_COMMENTS = YES;
				CLANG_WARN_EMPTY_BODY = YES;
				CLANG_WARN_ENUM_CONVERSION = YES;
				CLANG_WARN_INFINITE_RECURSION = YES;
				CLANG_WARN_INT_CONVERSION = YES;
				CLANG_WARN_NON_LITERAL_NULL_CONVERSION = YES;
				CLANG_WARN_OBJC_IMPLICIT_RETAIN_SELF = YES;
				CLANG_WARN_OBJC_LITERAL_CONVERSION = YES;
				CLANG_WARN_OBJC_ROOT_CLASS = YES_ERROR;
				CLANG_WARN_QUOTED_INCLUDE_IN_FRAMEWORK_HEADER = YES;
				CLANG_WARN_RANGE_LOOP_ANALYSIS = YES;
				CLANG_WARN_STRICT_PROTOTYPES = YES;
				CLANG_WARN_SUSPICIOUS_MOVE = YES;
				CLANG_WARN_UNGUARDED_AVAILABILITY = YES_AGGRESSIVE;
				CLANG_WARN_UNREACHABLE_CODE = YES;
				CLANG_WARN__DUPLICATE_METHOD_MATCH = YES;
				COPY_PHASE_STRIP = NO;
				CURRENT_PROJECT_VERSION = 1;
				DEBUG_INFORMATION_FORMAT = dwarf;
				ENABLE_STRICT_OBJC_MSGSEND = YES;
				ENABLE_TESTABILITY = YES;
				GCC_C_LANGUAGE_STANDARD = gnu11;
				GCC_DYNAMIC_NO_PIC = NO;
				GCC_NO_COMMON_BLOCKS = YES;
				GCC_OPTIMIZATION_LEVEL = 0;
				GCC_PREPROCESSOR_DEFINITIONS = (
					"DEBUG=1",
					"$(inherited)",
				);
				GCC_WARN_64_TO_32_BIT_CONVERSION = YES;
				GCC_WARN_ABOUT_RETURN_TYPE = YES_ERROR;
				GCC_WARN_UNDECLARED_SELECTOR = YES;
				GCC_WARN_UNINITIALIZED_AUTOS = YES_AGGRESSIVE;
				GCC_WARN_UNUSED_FUNCTION = YES;
				GCC_WARN_UNUSED_VARIABLE = YES;
				MACOSX_DEPLOYMENT_TARGET = 12.6;
				MTL_ENABLE_DEBUG_INFO = INCLUDE_SOURCE;
				MTL_FAST_MATH = YES;
				ONLY_ACTIVE_ARCH = YES;
				SDKROOT = macosx;
				SWIFT_ACTIVE_COMPILATION_CONDITIONS = DEBUG;
				SWIFT_OPTIMIZATION_LEVEL = "-Onone";
				VERSIONING_SYSTEM = "apple-generic";
				VERSION_INFO_PREFIX = "";
			};
			name = Debug;
		};
		7299330C29917C8B0009DE99 /* Release */ = {
			isa = XCBuildConfiguration;
			buildSettings = {
				ALWAYS_SEARCH_USER_PATHS = NO;
				CLANG_ANALYZER_NONNULL = YES;
				CLANG_ANALYZER_NUMBER_OBJECT_CONVERSION = YES_AGGRESSIVE;
				CLANG_CXX_LANGUAGE_STANDARD = "gnu++20";
				CLANG_ENABLE_MODULES = YES;
				CLANG_ENABLE_OBJC_ARC = YES;
				CLANG_ENABLE_OBJC_WEAK = YES;
				CLANG_WARN_BLOCK_CAPTURE_AUTORELEASING = YES;
				CLANG_WARN_BOOL_CONVERSION = YES;
				CLANG_WARN_COMMA = YES;
				CLANG_WARN_CONSTANT_CONVERSION = YES;
				CLANG_WARN_DEPRECATED_OBJC_IMPLEMENTATIONS = YES;
				CLANG_WARN_DIRECT_OBJC_ISA_USAGE = YES_ERROR;
				CLANG_WARN_DOCUMENTATION_COMMENTS = YES;
				CLANG_WARN_EMPTY_BODY = YES;
				CLANG_WARN_ENUM_CONVERSION = YES;
				CLANG_WARN_INFINITE_RECURSION = YES;
				CLANG_WARN_INT_CONVERSION = YES;
				CLANG_WARN_NON_LITERAL_NULL_CONVERSION = YES;
				CLANG_WARN_OBJC_IMPLICIT_RETAIN_SELF = YES;
				CLANG_WARN_OBJC_LITERAL_CONVERSION = YES;
				CLANG_WARN_OBJC_ROOT_CLASS = YES_ERROR;
				CLANG_WARN_QUOTED_INCLUDE_IN_FRAMEWORK_HEADER = YES;
				CLANG_WARN_RANGE_LOOP_ANALYSIS = YES;
				CLANG_WARN_STRICT_PROTOTYPES = YES;
				CLANG_WARN_SUSPICIOUS_MOVE = YES;
				CLANG_WARN_UNGUARDED_AVAILABILITY = YES_AGGRESSIVE;
				CLANG_WARN_UNREACHABLE_CODE = YES;
				CLANG_WARN__DUPLICATE_METHOD_MATCH = YES;
				COPY_PHASE_STRIP = NO;
				CURRENT_PROJECT_VERSION = 1;
				DEBUG_INFORMATION_FORMAT = "dwarf-with-dsym";
				ENABLE_NS_ASSERTIONS = NO;
				ENABLE_STRICT_OBJC_MSGSEND = YES;
				GCC_C_LANGUAGE_STANDARD = gnu11;
				GCC_NO_COMMON_BLOCKS = YES;
				GCC_WARN_64_TO_32_BIT_CONVERSION = YES;
				GCC_WARN_ABOUT_RETURN_TYPE = YES_ERROR;
				GCC_WARN_UNDECLARED_SELECTOR = YES;
				GCC_WARN_UNINITIALIZED_AUTOS = YES_AGGRESSIVE;
				GCC_WARN_UNUSED_FUNCTION = YES;
				GCC_WARN_UNUSED_VARIABLE = YES;
				MACOSX_DEPLOYMENT_TARGET = 12.6;
				MTL_ENABLE_DEBUG_INFO = NO;
				MTL_FAST_MATH = YES;
				SDKROOT = macosx;
				SWIFT_COMPILATION_MODE = wholemodule;
				SWIFT_OPTIMIZATION_LEVEL = "-O";
				VERSIONING_SYSTEM = "apple-generic";
				VERSION_INFO_PREFIX = "";
			};
			name = Release;
		};
		7299330E29917C8B0009DE99 /* Debug */ = {
			isa = XCBuildConfiguration;
			buildSettings = {
				CLANG_ENABLE_MODULES = YES;
				CODE_SIGN_STYLE = Automatic;
				COMBINE_HIDPI_IMAGES = YES;
				CURRENT_PROJECT_VERSION = 1;
				DEFINES_MODULE = YES;
				DYLIB_COMPATIBILITY_VERSION = 1;
				DYLIB_CURRENT_VERSION = 1;
				DYLIB_INSTALL_NAME_BASE = "@rpath";
				GENERATE_INFOPLIST_FILE = YES;
				INFOPLIST_KEY_NSHumanReadableCopyright = "";
				INSTALL_PATH = "$(LOCAL_LIBRARY_DIR)/Frameworks";
				IPHONEOS_DEPLOYMENT_TARGET = 13.0;
				LD_RUNPATH_SEARCH_PATHS = (
					"$(inherited)",
					"@executable_path/../Frameworks",
					"@loader_path/Frameworks",
				);
				MACOSX_DEPLOYMENT_TARGET = 13.0;
				MARKETING_VERSION = 1.0;
				PRODUCT_BUNDLE_IDENTIFIER = br.com.leonardoalmeida.RestaurantDomain;
				PRODUCT_NAME = "$(TARGET_NAME:c99extidentifier)";
				SKIP_INSTALL = YES;
				SUPPORTED_PLATFORMS = "iphoneos iphonesimulator macosx";
				SUPPORTS_MACCATALYST = NO;
				SUPPORTS_MAC_DESIGNED_FOR_IPHONE_IPAD = NO;
				SWIFT_EMIT_LOC_STRINGS = YES;
				SWIFT_OPTIMIZATION_LEVEL = "-Onone";
				SWIFT_VERSION = 5.0;
				TARGETED_DEVICE_FAMILY = 1;
			};
			name = Debug;
		};
		7299330F29917C8B0009DE99 /* Release */ = {
			isa = XCBuildConfiguration;
			buildSettings = {
				CLANG_ENABLE_MODULES = YES;
				CODE_SIGN_STYLE = Automatic;
				COMBINE_HIDPI_IMAGES = YES;
				CURRENT_PROJECT_VERSION = 1;
				DEFINES_MODULE = YES;
				DYLIB_COMPATIBILITY_VERSION = 1;
				DYLIB_CURRENT_VERSION = 1;
				DYLIB_INSTALL_NAME_BASE = "@rpath";
				GENERATE_INFOPLIST_FILE = YES;
				INFOPLIST_KEY_NSHumanReadableCopyright = "";
				INSTALL_PATH = "$(LOCAL_LIBRARY_DIR)/Frameworks";
				IPHONEOS_DEPLOYMENT_TARGET = 13.0;
				LD_RUNPATH_SEARCH_PATHS = (
					"$(inherited)",
					"@executable_path/../Frameworks",
					"@loader_path/Frameworks",
				);
				MACOSX_DEPLOYMENT_TARGET = 13.0;
				MARKETING_VERSION = 1.0;
				PRODUCT_BUNDLE_IDENTIFIER = br.com.leonardoalmeida.RestaurantDomain;
				PRODUCT_NAME = "$(TARGET_NAME:c99extidentifier)";
				SKIP_INSTALL = YES;
				SUPPORTED_PLATFORMS = "iphoneos iphonesimulator macosx";
				SUPPORTS_MACCATALYST = NO;
				SUPPORTS_MAC_DESIGNED_FOR_IPHONE_IPAD = NO;
				SWIFT_EMIT_LOC_STRINGS = YES;
				SWIFT_VERSION = 5.0;
				TARGETED_DEVICE_FAMILY = 1;
			};
			name = Release;
		};
		7299331129917C8B0009DE99 /* Debug */ = {
			isa = XCBuildConfiguration;
			buildSettings = {
				ALWAYS_EMBED_SWIFT_STANDARD_LIBRARIES = YES;
				CODE_SIGN_STYLE = Automatic;
				CURRENT_PROJECT_VERSION = 1;
				GENERATE_INFOPLIST_FILE = YES;
				MACOSX_DEPLOYMENT_TARGET = 13.0;
				MARKETING_VERSION = 1.0;
				PRODUCT_BUNDLE_IDENTIFIER = br.com.leonardoalmeida.RestaurantDomainTests;
				PRODUCT_NAME = "$(TARGET_NAME)";
				SWIFT_EMIT_LOC_STRINGS = NO;
				SWIFT_VERSION = 5.0;
			};
			name = Debug;
		};
		7299331229917C8B0009DE99 /* Release */ = {
			isa = XCBuildConfiguration;
			buildSettings = {
				ALWAYS_EMBED_SWIFT_STANDARD_LIBRARIES = YES;
				CODE_SIGN_STYLE = Automatic;
				CURRENT_PROJECT_VERSION = 1;
				GENERATE_INFOPLIST_FILE = YES;
				MACOSX_DEPLOYMENT_TARGET = 13.0;
				MARKETING_VERSION = 1.0;
				PRODUCT_BUNDLE_IDENTIFIER = br.com.leonardoalmeida.RestaurantDomainTests;
				PRODUCT_NAME = "$(TARGET_NAME)";
				SWIFT_EMIT_LOC_STRINGS = NO;
				SWIFT_VERSION = 5.0;
			};
			name = Release;
		};
		72B3F37229BFF4D000E3F565 /* Debug */ = {
			isa = XCBuildConfiguration;
			buildSettings = {
				CLANG_ENABLE_MODULES = YES;
				CODE_SIGN_STYLE = Automatic;
				CURRENT_PROJECT_VERSION = 1;
				DEFINES_MODULE = YES;
				DEVELOPMENT_TEAM = 989KWJUT62;
				DYLIB_COMPATIBILITY_VERSION = 1;
				DYLIB_CURRENT_VERSION = 1;
				DYLIB_INSTALL_NAME_BASE = "@rpath";
				FRAMEWORK_SEARCH_PATHS = "";
				GENERATE_INFOPLIST_FILE = YES;
				INFOPLIST_KEY_NSHumanReadableCopyright = "";
				INSTALL_PATH = "$(LOCAL_LIBRARY_DIR)/Frameworks";
				IPHONEOS_DEPLOYMENT_TARGET = 13.0;
				LD_RUNPATH_SEARCH_PATHS = (
					"$(inherited)",
					"@executable_path/Frameworks",
					"@loader_path/Frameworks",
				);
				MARKETING_VERSION = 1.0;
				PRODUCT_BUNDLE_IDENTIFIER = br.com.leonardoalmeida.RestaurantUI;
				PRODUCT_NAME = "$(TARGET_NAME:c99extidentifier)";
				SDKROOT = iphoneos;
				SKIP_INSTALL = YES;
				SUPPORTED_PLATFORMS = "iphoneos iphonesimulator";
				SUPPORTS_MACCATALYST = NO;
				SUPPORTS_MAC_DESIGNED_FOR_IPHONE_IPAD = NO;
				SWIFT_EMIT_LOC_STRINGS = YES;
				SWIFT_OPTIMIZATION_LEVEL = "-Onone";
				SWIFT_VERSION = 5.0;
				TARGETED_DEVICE_FAMILY = 1;
			};
			name = Debug;
		};
		72B3F37329BFF4D000E3F565 /* Release */ = {
			isa = XCBuildConfiguration;
			buildSettings = {
				CLANG_ENABLE_MODULES = YES;
				CODE_SIGN_STYLE = Automatic;
				CURRENT_PROJECT_VERSION = 1;
				DEFINES_MODULE = YES;
				DEVELOPMENT_TEAM = 989KWJUT62;
				DYLIB_COMPATIBILITY_VERSION = 1;
				DYLIB_CURRENT_VERSION = 1;
				DYLIB_INSTALL_NAME_BASE = "@rpath";
				FRAMEWORK_SEARCH_PATHS = "";
				GENERATE_INFOPLIST_FILE = YES;
				INFOPLIST_KEY_NSHumanReadableCopyright = "";
				INSTALL_PATH = "$(LOCAL_LIBRARY_DIR)/Frameworks";
				IPHONEOS_DEPLOYMENT_TARGET = 13.0;
				LD_RUNPATH_SEARCH_PATHS = (
					"$(inherited)",
					"@executable_path/Frameworks",
					"@loader_path/Frameworks",
				);
				MARKETING_VERSION = 1.0;
				PRODUCT_BUNDLE_IDENTIFIER = br.com.leonardoalmeida.RestaurantUI;
				PRODUCT_NAME = "$(TARGET_NAME:c99extidentifier)";
				SDKROOT = iphoneos;
				SKIP_INSTALL = YES;
				SUPPORTED_PLATFORMS = "iphoneos iphonesimulator";
				SUPPORTS_MACCATALYST = NO;
				SUPPORTS_MAC_DESIGNED_FOR_IPHONE_IPAD = NO;
				SWIFT_EMIT_LOC_STRINGS = YES;
				SWIFT_VERSION = 5.0;
				TARGETED_DEVICE_FAMILY = 1;
				VALIDATE_PRODUCT = YES;
			};
			name = Release;
		};
		72B3F37429BFF4D000E3F565 /* Debug */ = {
			isa = XCBuildConfiguration;
			buildSettings = {
				ALWAYS_EMBED_SWIFT_STANDARD_LIBRARIES = YES;
				CODE_SIGN_STYLE = Automatic;
				CURRENT_PROJECT_VERSION = 1;
				DEVELOPMENT_TEAM = 989KWJUT62;
				GENERATE_INFOPLIST_FILE = YES;
				IPHONEOS_DEPLOYMENT_TARGET = 13.0;
				MARKETING_VERSION = 1.0;
				PRODUCT_BUNDLE_IDENTIFIER = br.com.leonardoalmeida.RestaurantUITests;
				PRODUCT_NAME = "$(TARGET_NAME)";
				SDKROOT = iphoneos;
				SUPPORTED_PLATFORMS = "iphoneos iphonesimulator";
				SUPPORTS_MACCATALYST = NO;
				SUPPORTS_MAC_DESIGNED_FOR_IPHONE_IPAD = NO;
				SWIFT_EMIT_LOC_STRINGS = NO;
				SWIFT_VERSION = 5.0;
				TARGETED_DEVICE_FAMILY = 1;
			};
			name = Debug;
		};
		72B3F37529BFF4D000E3F565 /* Release */ = {
			isa = XCBuildConfiguration;
			buildSettings = {
				ALWAYS_EMBED_SWIFT_STANDARD_LIBRARIES = YES;
				CODE_SIGN_STYLE = Automatic;
				CURRENT_PROJECT_VERSION = 1;
				DEVELOPMENT_TEAM = 989KWJUT62;
				GENERATE_INFOPLIST_FILE = YES;
				IPHONEOS_DEPLOYMENT_TARGET = 13.0;
				MARKETING_VERSION = 1.0;
				PRODUCT_BUNDLE_IDENTIFIER = br.com.leonardoalmeida.RestaurantUITests;
				PRODUCT_NAME = "$(TARGET_NAME)";
				SDKROOT = iphoneos;
				SUPPORTED_PLATFORMS = "iphoneos iphonesimulator";
				SUPPORTS_MACCATALYST = NO;
				SUPPORTS_MAC_DESIGNED_FOR_IPHONE_IPAD = NO;
				SWIFT_EMIT_LOC_STRINGS = NO;
				SWIFT_VERSION = 5.0;
				TARGETED_DEVICE_FAMILY = 1;
				VALIDATE_PRODUCT = YES;
			};
			name = Release;
		};
/* End XCBuildConfiguration section */

/* Begin XCConfigurationList section */
		729932F529917C8B0009DE99 /* Build configuration list for PBXProject "RestaurantDomain" */ = {
			isa = XCConfigurationList;
			buildConfigurations = (
				7299330B29917C8B0009DE99 /* Debug */,
				7299330C29917C8B0009DE99 /* Release */,
			);
			defaultConfigurationIsVisible = 0;
			defaultConfigurationName = Release;
		};
		7299330D29917C8B0009DE99 /* Build configuration list for PBXNativeTarget "RestaurantDomain" */ = {
			isa = XCConfigurationList;
			buildConfigurations = (
				7299330E29917C8B0009DE99 /* Debug */,
				7299330F29917C8B0009DE99 /* Release */,
			);
			defaultConfigurationIsVisible = 0;
			defaultConfigurationName = Release;
		};
		7299331029917C8B0009DE99 /* Build configuration list for PBXNativeTarget "RestaurantDomainTests" */ = {
			isa = XCConfigurationList;
			buildConfigurations = (
				7299331129917C8B0009DE99 /* Debug */,
				7299331229917C8B0009DE99 /* Release */,
			);
			defaultConfigurationIsVisible = 0;
			defaultConfigurationName = Release;
		};
		72B3F37629BFF4D000E3F565 /* Build configuration list for PBXNativeTarget "RestaurantUI" */ = {
			isa = XCConfigurationList;
			buildConfigurations = (
				72B3F37229BFF4D000E3F565 /* Debug */,
				72B3F37329BFF4D000E3F565 /* Release */,
			);
			defaultConfigurationIsVisible = 0;
			defaultConfigurationName = Release;
		};
		72B3F37729BFF4D000E3F565 /* Build configuration list for PBXNativeTarget "RestaurantUITests" */ = {
			isa = XCConfigurationList;
			buildConfigurations = (
				72B3F37429BFF4D000E3F565 /* Debug */,
				72B3F37529BFF4D000E3F565 /* Release */,
			);
			defaultConfigurationIsVisible = 0;
			defaultConfigurationName = Release;
		};
/* End XCConfigurationList section */
	};
	rootObject = 729932F229917C8B0009DE99 /* Project object */;
}
